{
  "requires": true,
  "lockfileVersion": 1,
  "dependencies": {
    "minecraft-data": {
      "version": "2.67.0",
      "resolved": "https://registry.npmjs.org/minecraft-data/-/minecraft-data-2.67.0.tgz",
      "integrity": "sha512-R+xmmcJYFE9GCfr8lBig3+IhrHUOaZvOJsA5pJ7fejlKYrCNBTRwMDy+Yijd2ZNcjk0TlR2cNfPJHg39WgfzNA=="
    }
  }
}
